{
    "version": 3,
    "terraform_version": "0.11.7",
    "serial": 3,
    "lineage": "1532368e-0fd2-1a8f-1a92-54eff7b8492e",
    "modules": [
        {
            "path": [
                "root"
            ],
            "outputs": {
                "config_map_aws_auth": {
                    "sensitive": false,
                    "type": "string",
                    "value": "\n\napiVersion: v1\nkind: ConfigMap\nmetadata:\n  name: aws-auth\n  namespace: kube-system\ndata:\n  mapRoles: |\n    - rolearn: arn:aws:iam::845151661675:role/terraform-eks-demo-node\n      username: system:node:{{EC2PrivateDNSName}}\n      groups:\n        - system:bootstrappers\n        - system:nodes\n"
                },
                "kubeconfig": {
                    "sensitive": false,
                    "type": "string",
                    "value": "\n\napiVersion: v1\nclusters:\n- cluster:\n    server: https://3E769C2B61567F7152FD96A81A3BD898.sk1.eu-west-1.eks.amazonaws.com\n    certificate-authority-data: LS0tLS1CRUdJTiBDRVJUSUZJQ0FURS0tLS0tCk1JSUN5RENDQWJDZ0F3SUJBZ0lCQURBTkJna3Foa2lHOXcwQkFRc0ZBREFWTVJNd0VRWURWUVFERXdwcmRXSmwKY201bGRHVnpNQjRYRFRFNE1Ea3lOVEl4TlRBek1Wb1hEVEk0TURreU1qSXhOVEF6TVZvd0ZURVRNQkVHQTFVRQpBeE1LYTNWaVpYSnVaWFJsY3pDQ0FTSXdEUVlKS29aSWh2Y05BUUVCQlFBRGdnRVBBRENDQVFvQ2dnRUJBTU5pCmVQeURta05sQ0c3L3VkSVNBWVdtak94YlB6SERWc3NuWWdKQUI1Q3FpN1lUYTcxNzdTclE5REdjMDl3VnpYNFYKaTN1TFBSVXdkSTRhbno1MlAxdEd5TFovVElxdm1CS053eG90T092TjRpY2tVMkk0Wi9SSzlZL0JQaVA3bG8yQwo0Z25rT1VXdUkyby9CTUEveE52WG5pTjVGencvbDdLd0g4MHhSSXQySE9wUWZwV01ENDY2UnNZYlphREsyVXkzCldCUE85WENxV3VXYTVTSURoSmFQQ2l5NW1jSEhKdU9PUU10WGVWR1ArUW9lVWxGdklQVG1PS3c0a1lwSWNGT2kKQmNyMm12cEhmL0lBaTRKT01aS3RkRlBJeHp0VlN3Sm1IMXdWSTVCdmo0cjR5dzI1Z0dIcXdSekFQWnBpYlI4YwpWMU5zVjZsb1J6K2kyMURyWWxrQ0F3RUFBYU1qTUNFd0RnWURWUjBQQVFIL0JBUURBZ0trTUE4R0ExVWRFd0VCCi93UUZNQU1CQWY4d0RRWUpLb1pJaHZjTkFRRUxCUUFEZ2dFQkFGVUphRUZpZ3BaUWthd3M3NThLRG9ycWJoMncKTkorUno5dHhjck5NNTg3MExNLzhnM21idThaNDluZGhFeFdneWdRZVRsZld2RWk5TUxFTDQyTktiajRwcFI3SgpwYWtoOXBlSCtidjZtZmdmNi94V3BKckxkcy8rdExWTW5McFFucUEwSllRSTRaZXhtUm41UUZJUUVJU3UyUkhYCjJGbUt5a3YyRE1qNDhUTHYxMHF5U2o1NnFKMjFhUWhrU0N0YVo4QS9NaW1yczlJbTlJOW5FQ2tsRkdnQU5SdDUKVWdtSWsyZG9OaThyRXJ1czF1ZzY2N3ZSSG9uUTU3R2tGNVRqUEszZHNwSCt0bUJuYkxJZzlkK041a3JGSVVRagpaNHNRVzRYZGdnUy9sWmJMbkxKMEdqcWlEVzBSejVaZy9BeDRjZ283am4yVnVpb3k4UlhOT2loTU85WT0KLS0tLS1FTkQgQ0VSVElGSUNBVEUtLS0tLQo=\n  name: kubernetes\ncontexts:\n- context:\n    cluster: kubernetes\n    user: aws\n  name: aws\ncurrent-context: aws\nkind: Config\npreferences: {}\nusers:\n- name: aws\n  user:\n    exec:\n      apiVersion: client.authentication.k8s.io/v1alpha1\n      command: aws-iam-authenticator\n      args:\n        - \"token\"\n        - \"-i\"\n        - \"terraform-eks-demo\"\n"
                }
            },
            "resources": {
                "aws_autoscaling_group.demo": {
                    "type": "aws_autoscaling_group",
                    "depends_on": [
                        "aws_launch_configuration.demo",
                        "aws_subnet.demo.*"
                    ],
                    "primary": {
                        "id": "terraform-eks-demo",
                        "attributes": {
                            "arn": "arn:aws:autoscaling:eu-west-1:845151661675:autoScalingGroup:d0c7425c-9dcd-48b0-97b8-823620bb08b5:autoScalingGroupName/terraform-eks-demo",
                            "availability_zones.#": "2",
                            "availability_zones.1924028850": "eu-west-1b",
                            "availability_zones.3953592328": "eu-west-1a",
                            "default_cooldown": "300",
                            "desired_capacity": "2",
                            "enabled_metrics.#": "0",
                            "force_delete": "false",
                            "health_check_grace_period": "300",
                            "health_check_type": "EC2",
                            "id": "terraform-eks-demo",
                            "launch_configuration": "terraform-eks-demo20180925215349059200000006",
                            "launch_template.#": "0",
                            "load_balancers.#": "0",
                            "max_size": "2",
                            "metrics_granularity": "1Minute",
                            "min_size": "1",
                            "name": "terraform-eks-demo",
                            "placement_group": "",
                            "protect_from_scale_in": "false",
                            "service_linked_role_arn": "arn:aws:iam::845151661675:role/aws-service-role/autoscaling.amazonaws.com/AWSServiceRoleForAutoScaling",
                            "suspended_processes.#": "0",
                            "tag.#": "2",
                            "tag.3381877819.key": "kubernetes.io/cluster/terraform-eks-demo",
                            "tag.3381877819.propagate_at_launch": "true",
                            "tag.3381877819.value": "owned",
                            "tag.4079220990.key": "Name",
                            "tag.4079220990.propagate_at_launch": "true",
                            "tag.4079220990.value": "terraform-eks-demo",
                            "target_group_arns.#": "0",
                            "termination_policies.#": "0",
                            "vpc_zone_identifier.#": "2",
                            "vpc_zone_identifier.1827955648": "subnet-0335c8f193f8117eb",
                            "vpc_zone_identifier.425931755": "subnet-006e8415d28c6b4ce",
                            "wait_for_capacity_timeout": "10m"
                        },
                        "meta": {
                            "e2bfb730-ecaa-11e6-8f88-34363bc7c4c0": {
                                "delete": 600000000000
                            }
                        },
                        "tainted": false
                    },
                    "deposed": [],
                    "provider": "provider.aws"
                },
                "aws_eks_cluster.demo": {
                    "type": "aws_eks_cluster",
                    "depends_on": [
                        "aws_iam_role.demo-cluster",
                        "aws_iam_role_policy_attachment.demo-cluster-AmazonEKSClusterPolicy",
                        "aws_iam_role_policy_attachment.demo-cluster-AmazonEKSServicePolicy",
                        "aws_security_group.demo-cluster",
                        "aws_subnet.demo.*"
                    ],
                    "primary": {
                        "id": "terraform-eks-demo",
                        "attributes": {
                            "arn": "arn:aws:eks:eu-west-1:845151661675:cluster/terraform-eks-demo",
                            "certificate_authority.#": "1",
                            "certificate_authority.0.data": "LS0tLS1CRUdJTiBDRVJUSUZJQ0FURS0tLS0tCk1JSUN5RENDQWJDZ0F3SUJBZ0lCQURBTkJna3Foa2lHOXcwQkFRc0ZBREFWTVJNd0VRWURWUVFERXdwcmRXSmwKY201bGRHVnpNQjRYRFRFNE1Ea3lOVEl4TlRBek1Wb1hEVEk0TURreU1qSXhOVEF6TVZvd0ZURVRNQkVHQTFVRQpBeE1LYTNWaVpYSnVaWFJsY3pDQ0FTSXdEUVlKS29aSWh2Y05BUUVCQlFBRGdnRVBBRENDQVFvQ2dnRUJBTU5pCmVQeURta05sQ0c3L3VkSVNBWVdtak94YlB6SERWc3NuWWdKQUI1Q3FpN1lUYTcxNzdTclE5REdjMDl3VnpYNFYKaTN1TFBSVXdkSTRhbno1MlAxdEd5TFovVElxdm1CS053eG90T092TjRpY2tVMkk0Wi9SSzlZL0JQaVA3bG8yQwo0Z25rT1VXdUkyby9CTUEveE52WG5pTjVGencvbDdLd0g4MHhSSXQySE9wUWZwV01ENDY2UnNZYlphREsyVXkzCldCUE85WENxV3VXYTVTSURoSmFQQ2l5NW1jSEhKdU9PUU10WGVWR1ArUW9lVWxGdklQVG1PS3c0a1lwSWNGT2kKQmNyMm12cEhmL0lBaTRKT01aS3RkRlBJeHp0VlN3Sm1IMXdWSTVCdmo0cjR5dzI1Z0dIcXdSekFQWnBpYlI4YwpWMU5zVjZsb1J6K2kyMURyWWxrQ0F3RUFBYU1qTUNFd0RnWURWUjBQQVFIL0JBUURBZ0trTUE4R0ExVWRFd0VCCi93UUZNQU1CQWY4d0RRWUpLb1pJaHZjTkFRRUxCUUFEZ2dFQkFGVUphRUZpZ3BaUWthd3M3NThLRG9ycWJoMncKTkorUno5dHhjck5NNTg3MExNLzhnM21idThaNDluZGhFeFdneWdRZVRsZld2RWk5TUxFTDQyTktiajRwcFI3SgpwYWtoOXBlSCtidjZtZmdmNi94V3BKckxkcy8rdExWTW5McFFucUEwSllRSTRaZXhtUm41UUZJUUVJU3UyUkhYCjJGbUt5a3YyRE1qNDhUTHYxMHF5U2o1NnFKMjFhUWhrU0N0YVo4QS9NaW1yczlJbTlJOW5FQ2tsRkdnQU5SdDUKVWdtSWsyZG9OaThyRXJ1czF1ZzY2N3ZSSG9uUTU3R2tGNVRqUEszZHNwSCt0bUJuYkxJZzlkK041a3JGSVVRagpaNHNRVzRYZGdnUy9sWmJMbkxKMEdqcWlEVzBSejVaZy9BeDRjZ283am4yVnVpb3k4UlhOT2loTU85WT0KLS0tLS1FTkQgQ0VSVElGSUNBVEUtLS0tLQo=",
                            "created_at": "2018-09-25 21:43:02 +0000 UTC",
                            "endpoint": "https://3E769C2B61567F7152FD96A81A3BD898.sk1.eu-west-1.eks.amazonaws.com",
                            "id": "terraform-eks-demo",
                            "name": "terraform-eks-demo",
                            "platform_version": "eks.2",
                            "role_arn": "arn:aws:iam::845151661675:role/terraform-eks-demo-cluster",
                            "version": "1.10",
                            "vpc_config.#": "1",
                            "vpc_config.0.security_group_ids.#": "1",
                            "vpc_config.0.security_group_ids.2406390483": "sg-0f77bf4e910f66389",
                            "vpc_config.0.subnet_ids.#": "2",
                            "vpc_config.0.subnet_ids.1422417514": "subnet-006e8415d28c6b4ce",
                            "vpc_config.0.subnet_ids.4160827514": "subnet-0335c8f193f8117eb",
                            "vpc_config.0.vpc_id": "vpc-0d867f49ec58a442c"
                        },
                        "meta": {
                            "e2bfb730-ecaa-11e6-8f88-34363bc7c4c0": {
                                "create": 900000000000,
                                "delete": 900000000000
                            }
                        },
                        "tainted": false
                    },
                    "deposed": [],
                    "provider": "provider.aws"
                },
                "aws_iam_instance_profile.demo-node": {
                    "type": "aws_iam_instance_profile",
                    "depends_on": [
                        "aws_iam_role.demo-node"
                    ],
                    "primary": {
                        "id": "terraform-eks-demo",
                        "attributes": {
                            "arn": "arn:aws:iam::845151661675:instance-profile/terraform-eks-demo",
                            "create_date": "2018-09-25T21:42:51Z",
                            "id": "terraform-eks-demo",
                            "name": "terraform-eks-demo",
                            "path": "/",
                            "role": "terraform-eks-demo-node",
                            "roles.#": "1",
                            "roles.1215859311": "terraform-eks-demo-node",
                            "unique_id": "AIPAJ3PSCH3F2IQE2UXJC"
                        },
                        "meta": {},
                        "tainted": false
                    },
                    "deposed": [],
                    "provider": "provider.aws"
                },
                "aws_iam_role.demo-cluster": {
                    "type": "aws_iam_role",
                    "depends_on": [],
                    "primary": {
                        "id": "terraform-eks-demo-cluster",
                        "attributes": {
                            "arn": "arn:aws:iam::845151661675:role/terraform-eks-demo-cluster",
                            "assume_role_policy": "{\"Version\":\"2012-10-17\",\"Statement\":[{\"Effect\":\"Allow\",\"Principal\":{\"Service\":\"eks.amazonaws.com\"},\"Action\":\"sts:AssumeRole\"}]}",
                            "create_date": "2018-09-25T21:42:50Z",
                            "description": "",
                            "force_detach_policies": "false",
                            "id": "terraform-eks-demo-cluster",
                            "max_session_duration": "3600",
                            "name": "terraform-eks-demo-cluster",
                            "path": "/",
                            "unique_id": "AROAJLMUZV4F6TWACMDHC"
                        },
                        "meta": {},
                        "tainted": false
                    },
                    "deposed": [],
                    "provider": "provider.aws"
                },
                "aws_iam_role.demo-node": {
                    "type": "aws_iam_role",
                    "depends_on": [],
                    "primary": {
                        "id": "terraform-eks-demo-node",
                        "attributes": {
                            "arn": "arn:aws:iam::845151661675:role/terraform-eks-demo-node",
                            "assume_role_policy": "{\"Version\":\"2012-10-17\",\"Statement\":[{\"Effect\":\"Allow\",\"Principal\":{\"Service\":\"ec2.amazonaws.com\"},\"Action\":\"sts:AssumeRole\"}]}",
                            "create_date": "2018-09-25T21:42:50Z",
                            "description": "",
                            "force_detach_policies": "false",
                            "id": "terraform-eks-demo-node",
                            "max_session_duration": "3600",
                            "name": "terraform-eks-demo-node",
                            "path": "/",
                            "unique_id": "AROAJQBI2JMP3T4GGHM5G"
                        },
                        "meta": {},
                        "tainted": false
                    },
                    "deposed": [],
                    "provider": "provider.aws"
                },
                "aws_iam_role.iam_for_lambda": {
                    "type": "aws_iam_role",
                    "depends_on": [],
                    "primary": {
                        "id": "iam_for_lambda",
                        "attributes": {
                            "arn": "arn:aws:iam::845151661675:role/iam_for_lambda",
                            "assume_role_policy": "{\"Version\":\"2012-10-17\",\"Statement\":[{\"Sid\":\"\",\"Effect\":\"Allow\",\"Principal\":{\"Service\":\"lambda.amazonaws.com\"},\"Action\":\"sts:AssumeRole\"}]}",
                            "create_date": "2018-09-25T22:22:00Z",
                            "description": "",
                            "force_detach_policies": "false",
                            "id": "iam_for_lambda",
                            "max_session_duration": "3600",
                            "name": "iam_for_lambda",
                            "path": "/",
                            "unique_id": "AROAJIASIGH6D2UUOR2S6"
                        },
                        "meta": {},
                        "tainted": false
                    },
                    "deposed": [],
                    "provider": "provider.aws"
                },
                "aws_iam_role_policy_attachment.demo-cluster-AmazonEKSClusterPolicy": {
                    "type": "aws_iam_role_policy_attachment",
                    "depends_on": [
                        "aws_iam_role.demo-cluster"
                    ],
                    "primary": {
                        "id": "terraform-eks-demo-cluster-20180925214251863900000005",
                        "attributes": {
                            "id": "terraform-eks-demo-cluster-20180925214251863900000005",
                            "policy_arn": "arn:aws:iam::aws:policy/AmazonEKSClusterPolicy",
                            "role": "terraform-eks-demo-cluster"
                        },
                        "meta": {},
                        "tainted": false
                    },
                    "deposed": [],
                    "provider": "provider.aws"
                },
                "aws_iam_role_policy_attachment.demo-cluster-AmazonEKSServicePolicy": {
                    "type": "aws_iam_role_policy_attachment",
                    "depends_on": [
                        "aws_iam_role.demo-cluster"
                    ],
                    "primary": {
                        "id": "terraform-eks-demo-cluster-20180925214251858200000003",
                        "attributes": {
                            "id": "terraform-eks-demo-cluster-20180925214251858200000003",
                            "policy_arn": "arn:aws:iam::aws:policy/AmazonEKSServicePolicy",
                            "role": "terraform-eks-demo-cluster"
                        },
                        "meta": {},
                        "tainted": false
                    },
                    "deposed": [],
                    "provider": "provider.aws"
                },
                "aws_iam_role_policy_attachment.demo-node-AmazonEC2ContainerRegistryReadOnly": {
                    "type": "aws_iam_role_policy_attachment",
                    "depends_on": [
                        "aws_iam_role.demo-node"
                    ],
                    "primary": {
                        "id": "terraform-eks-demo-node-20180925214251810100000001",
                        "attributes": {
                            "id": "terraform-eks-demo-node-20180925214251810100000001",
                            "policy_arn": "arn:aws:iam::aws:policy/AmazonEC2ContainerRegistryReadOnly",
                            "role": "terraform-eks-demo-node"
                        },
                        "meta": {},
                        "tainted": false
                    },
                    "deposed": [],
                    "provider": "provider.aws"
                },
                "aws_iam_role_policy_attachment.demo-node-AmazonEKSWorkerNodePolicy": {
                    "type": "aws_iam_role_policy_attachment",
                    "depends_on": [
                        "aws_iam_role.demo-node"
                    ],
                    "primary": {
                        "id": "terraform-eks-demo-node-20180925214251832500000002",
                        "attributes": {
                            "id": "terraform-eks-demo-node-20180925214251832500000002",
                            "policy_arn": "arn:aws:iam::aws:policy/AmazonEKSWorkerNodePolicy",
                            "role": "terraform-eks-demo-node"
                        },
                        "meta": {},
                        "tainted": false
                    },
                    "deposed": [],
                    "provider": "provider.aws"
                },
                "aws_iam_role_policy_attachment.demo-node-AmazonEKS_CNI_Policy": {
                    "type": "aws_iam_role_policy_attachment",
                    "depends_on": [
                        "aws_iam_role.demo-node"
                    ],
                    "primary": {
                        "id": "terraform-eks-demo-node-20180925214251862200000004",
                        "attributes": {
                            "id": "terraform-eks-demo-node-20180925214251862200000004",
                            "policy_arn": "arn:aws:iam::aws:policy/AmazonEKS_CNI_Policy",
                            "role": "terraform-eks-demo-node"
                        },
                        "meta": {},
                        "tainted": false
                    },
                    "deposed": [],
                    "provider": "provider.aws"
                },
                "aws_internet_gateway.demo": {
                    "type": "aws_internet_gateway",
                    "depends_on": [
                        "aws_vpc.demo"
                    ],
                    "primary": {
                        "id": "igw-0b1ab26970660d198",
                        "attributes": {
                            "id": "igw-0b1ab26970660d198",
                            "tags.%": "1",
                            "tags.Name": "terraform-eks-demo",
                            "vpc_id": "vpc-0d867f49ec58a442c"
                        },
                        "meta": {},
                        "tainted": false
                    },
                    "deposed": [],
                    "provider": "provider.aws"
                },
                "aws_launch_configuration.demo": {
                    "type": "aws_launch_configuration",
                    "depends_on": [
                        "aws_iam_instance_profile.demo-node",
                        "aws_security_group.demo-node",
                        "data.aws_ami.eks-worker",
                        "local.demo-node-userdata"
                    ],
                    "primary": {
                        "id": "terraform-eks-demo20180925215349059200000006",
                        "attributes": {
                            "associate_public_ip_address": "true",
                            "ebs_block_device.#": "0",
                            "ebs_optimized": "false",
                            "enable_monitoring": "true",
                            "ephemeral_block_device.#": "0",
                            "iam_instance_profile": "terraform-eks-demo",
                            "id": "terraform-eks-demo20180925215349059200000006",
                            "image_id": "ami-0c7a4976cb6fafd3a",
                            "instance_type": "m4.large",
                            "key_name": "",
                            "name": "terraform-eks-demo20180925215349059200000006",
                            "name_prefix": "terraform-eks-demo",
                            "root_block_device.#": "0",
                            "security_groups.#": "1",
                            "security_groups.3231813536": "sg-0ef291bcd65a250fe",
                            "spot_price": "",
                            "user_data_base64": "IyEvYmluL2Jhc2gKc2V0IC1vIHh0cmFjZQovZXRjL2Vrcy9ib290c3RyYXAuc2ggLS1hcGlzZXJ2ZXItZW5kcG9pbnQgJ2h0dHBzOi8vM0U3NjlDMkI2MTU2N0Y3MTUyRkQ5NkE4MUEzQkQ4OTguc2sxLmV1LXdlc3QtMS5la3MuYW1hem9uYXdzLmNvbScgLS1iNjQtY2x1c3Rlci1jYSAnTFMwdExTMUNSVWRKVGlCRFJWSlVTVVpKUTBGVVJTMHRMUzB0Q2sxSlNVTjVSRU5EUVdKRFowRjNTVUpCWjBsQ1FVUkJUa0puYTNGb2EybEhPWGN3UWtGUmMwWkJSRUZXVFZKTmQwVlJXVVJXVVZGRVJYZHdjbVJYU213S1kyMDFiR1JIVm5wTlFqUllSRlJGTkUxRWEzbE9WRWw0VGxSQmVrMVdiMWhFVkVrMFRVUnJlVTFxU1hoT1ZFRjZUVlp2ZDBaVVJWUk5Ra1ZIUVRGVlJRcEJlRTFMWVROV2FWcFlTblZhV0ZKc1kzcERRMEZUU1hkRVVWbEtTMjlhU1doMlkwNUJVVVZDUWxGQlJHZG5SVkJCUkVORFFWRnZRMmRuUlVKQlRVNXBDbVZRZVVSdGEwNXNRMGMzTDNWa1NWTkJXVmR0YWs5NFlsQjZTRVJXYzNOdVdXZEtRVUkxUTNGcE4xbFVZVGN4TnpkVGNsRTVSRWRqTURsM1ZucFlORllLYVROMVRGQlNWWGRrU1RSaGJubzFNbEF4ZEVkNVRGb3ZWRWx4ZG0xQ1MwNTNlRzkwVDA5MlRqUnBZMnRWTWtrMFdpOVNTemxaTDBKUWFWQTNiRzh5UXdvMFoyNXJUMVZYZFVreWJ5OUNUVUV2ZUU1MldHNXBUalZHZW5jdmJEZExkMGc0TUhoU1NYUXlTRTl3VVdad1YwMUVORFkyVW5OWllscGhSRXN5VlhrekNsZENVRTg1V0VOeFYzVlhZVFZUU1VSb1NtRlFRMmw1TlcxalNFaEtkVTlQVVUxMFdHVldSMUFyVVc5bFZXeEdka2xRVkcxUFMzYzBhMWx3U1dOR1Qya0tRbU55TW0xMmNFaG1MMGxCYVRSS1QwMWFTM1JrUmxCSmVIcDBWbE4zU20xSU1YZFdTVFZDZG1vMGNqUjVkekkxWjBkSWNYZFNla0ZRV25CcFlsSTRZd3BXTVU1elZqWnNiMUo2SzJreU1VUnlXV3hyUTBGM1JVRkJZVTFxVFVORmQwUm5XVVJXVWpCUVFWRklMMEpCVVVSQlowdHJUVUU0UjBFeFZXUkZkMFZDQ2k5M1VVWk5RVTFDUVdZNGQwUlJXVXBMYjFwSmFIWmpUa0ZSUlV4Q1VVRkVaMmRGUWtGR1ZVcGhSVVpwWjNCYVVXdGhkM00zTlRoTFJHOXljV0pvTW5jS1Rrb3JVbm81ZEhoamNrNU5OVGczTUV4Tkx6aG5NMjFpZFRoYU5EbHVaR2hGZUZkbmVXZFJaVlJzWmxkMlJXazVUVXhGVERReVRrdGlhalJ3Y0ZJM1NncHdZV3RvT1hCbFNDdGlkalp0Wm1kbU5pOTRWM0JLY2t4a2N5OHJkRXhXVFc1TWNGRnVjVUV3U2xsUlNUUmFaWGh0VW00MVVVWkpVVVZKVTNVeVVraFlDakpHYlV0NWEzWXlSRTFxTkRoVVRIWXhNSEY1VTJvMU5uRktNakZoVVdoclUwTjBZVm80UVM5TmFXMXljemxKYlRsSk9XNUZRMnRzUmtkblFVNVNkRFVLVldkdFNXc3laRzlPYVRoeVJYSjFjekYxWnpZMk4zWlNTRzl1VVRVM1IydEdOVlJxVUVzelpITndTQ3QwYlVKdVlreEpaemxrSzA0MWEzSkdTVlZSYWdwYU5ITlJWelJZWkdkblV5OXNXbUpNYmt4S01FZHFjV2xFVnpCU2VqVmFaeTlCZURSaloyODNhbTR5Vm5WcGIzazRVbGhPVDJsb1RVODVXVDBLTFMwdExTMUZUa1FnUTBWU1ZFbEdTVU5CVkVVdExTMHRMUW89JyAndGVycmFmb3JtLWVrcy1kZW1vJwo=",
                            "vpc_classic_link_id": "",
                            "vpc_classic_link_security_groups.#": "0"
                        },
                        "meta": {},
                        "tainted": false
                    },
                    "deposed": [],
                    "provider": "provider.aws"
                },
                "aws_route_table.demo": {
                    "type": "aws_route_table",
                    "depends_on": [
                        "aws_internet_gateway.demo",
                        "aws_vpc.demo"
                    ],
                    "primary": {
                        "id": "rtb-05a19a5c08ab88524",
                        "attributes": {
                            "id": "rtb-05a19a5c08ab88524",
                            "propagating_vgws.#": "0",
                            "route.#": "1",
                            "route.269807576.cidr_block": "0.0.0.0/0",
                            "route.269807576.egress_only_gateway_id": "",
                            "route.269807576.gateway_id": "igw-0b1ab26970660d198",
                            "route.269807576.instance_id": "",
                            "route.269807576.ipv6_cidr_block": "",
                            "route.269807576.nat_gateway_id": "",
                            "route.269807576.network_interface_id": "",
                            "route.269807576.vpc_peering_connection_id": "",
                            "tags.%": "0",
                            "vpc_id": "vpc-0d867f49ec58a442c"
                        },
                        "meta": {},
                        "tainted": false
                    },
                    "deposed": [],
                    "provider": "provider.aws"
                },
                "aws_route_table_association.demo.0": {
                    "type": "aws_route_table_association",
                    "depends_on": [
                        "aws_route_table.demo",
                        "aws_subnet.demo.*"
                    ],
                    "primary": {
                        "id": "rtbassoc-088ad8b0b3658f27b",
                        "attributes": {
                            "id": "rtbassoc-088ad8b0b3658f27b",
                            "route_table_id": "rtb-05a19a5c08ab88524",
                            "subnet_id": "subnet-0335c8f193f8117eb"
                        },
                        "meta": {},
                        "tainted": false
                    },
                    "deposed": [],
                    "provider": "provider.aws"
                },
                "aws_route_table_association.demo.1": {
                    "type": "aws_route_table_association",
                    "depends_on": [
                        "aws_route_table.demo",
                        "aws_subnet.demo.*"
                    ],
                    "primary": {
                        "id": "rtbassoc-01e534dee92d0155b",
                        "attributes": {
                            "id": "rtbassoc-01e534dee92d0155b",
                            "route_table_id": "rtb-05a19a5c08ab88524",
                            "subnet_id": "subnet-006e8415d28c6b4ce"
                        },
                        "meta": {},
                        "tainted": false
                    },
                    "deposed": [],
                    "provider": "provider.aws"
                },
                "aws_security_group.demo-cluster": {
                    "type": "aws_security_group",
                    "depends_on": [
                        "aws_vpc.demo"
                    ],
                    "primary": {
                        "id": "sg-0f77bf4e910f66389",
                        "attributes": {
                            "arn": "arn:aws:ec2:eu-west-1:845151661675:security-group/sg-0f77bf4e910f66389",
                            "description": "Cluster communication with worker nodes",
                            "egress.#": "1",
                            "egress.482069346.cidr_blocks.#": "1",
                            "egress.482069346.cidr_blocks.0": "0.0.0.0/0",
                            "egress.482069346.description": "",
                            "egress.482069346.from_port": "0",
                            "egress.482069346.ipv6_cidr_blocks.#": "0",
                            "egress.482069346.prefix_list_ids.#": "0",
                            "egress.482069346.protocol": "-1",
                            "egress.482069346.security_groups.#": "0",
                            "egress.482069346.self": "false",
                            "egress.482069346.to_port": "0",
                            "id": "sg-0f77bf4e910f66389",
                            "ingress.#": "2",
                            "ingress.1495596590.cidr_blocks.#": "0",
                            "ingress.1495596590.description": "Allow pods to communicate with the cluster API Server",
                            "ingress.1495596590.from_port": "443",
                            "ingress.1495596590.ipv6_cidr_blocks.#": "0",
                            "ingress.1495596590.prefix_list_ids.#": "0",
                            "ingress.1495596590.protocol": "tcp",
                            "ingress.1495596590.security_groups.#": "1",
                            "ingress.1495596590.security_groups.3231813536": "sg-0ef291bcd65a250fe",
                            "ingress.1495596590.self": "false",
                            "ingress.1495596590.to_port": "443",
                            "ingress.73123412.cidr_blocks.#": "1",
                            "ingress.73123412.cidr_blocks.0": "80.31.197.244/32",
                            "ingress.73123412.description": "Allow workstation to communicate with the cluster API Server",
                            "ingress.73123412.from_port": "443",
                            "ingress.73123412.ipv6_cidr_blocks.#": "0",
                            "ingress.73123412.prefix_list_ids.#": "0",
                            "ingress.73123412.protocol": "tcp",
                            "ingress.73123412.security_groups.#": "0",
                            "ingress.73123412.self": "false",
                            "ingress.73123412.to_port": "443",
                            "name": "terraform-eks-demo-cluster",
                            "owner_id": "845151661675",
                            "revoke_rules_on_delete": "false",
                            "tags.%": "1",
                            "tags.Name": "terraform-eks-demo",
                            "vpc_id": "vpc-0d867f49ec58a442c"
                        },
                        "meta": {
                            "e2bfb730-ecaa-11e6-8f88-34363bc7c4c0": {
                                "create": 600000000000,
                                "delete": 600000000000
                            },
                            "schema_version": "1"
                        },
                        "tainted": false
                    },
                    "deposed": [],
                    "provider": "provider.aws"
                },
                "aws_security_group.demo-node": {
                    "type": "aws_security_group",
                    "depends_on": [
                        "aws_vpc.demo"
                    ],
                    "primary": {
                        "id": "sg-0ef291bcd65a250fe",
                        "attributes": {
                            "arn": "arn:aws:ec2:eu-west-1:845151661675:security-group/sg-0ef291bcd65a250fe",
                            "description": "Security group for all nodes in the cluster",
                            "egress.#": "1",
                            "egress.482069346.cidr_blocks.#": "1",
                            "egress.482069346.cidr_blocks.0": "0.0.0.0/0",
                            "egress.482069346.description": "",
                            "egress.482069346.from_port": "0",
                            "egress.482069346.ipv6_cidr_blocks.#": "0",
                            "egress.482069346.prefix_list_ids.#": "0",
                            "egress.482069346.protocol": "-1",
                            "egress.482069346.security_groups.#": "0",
                            "egress.482069346.self": "false",
                            "egress.482069346.to_port": "0",
                            "id": "sg-0ef291bcd65a250fe",
                            "ingress.#": "2",
                            "ingress.2278689831.cidr_blocks.#": "0",
                            "ingress.2278689831.description": "Allow node to communicate with each other",
                            "ingress.2278689831.from_port": "0",
                            "ingress.2278689831.ipv6_cidr_blocks.#": "0",
                            "ingress.2278689831.prefix_list_ids.#": "0",
                            "ingress.2278689831.protocol": "-1",
                            "ingress.2278689831.security_groups.#": "0",
                            "ingress.2278689831.self": "true",
                            "ingress.2278689831.to_port": "0",
                            "ingress.2408618944.cidr_blocks.#": "0",
                            "ingress.2408618944.description": "Allow worker Kubelets and pods to receive communication from the cluster control plane",
                            "ingress.2408618944.from_port": "1025",
                            "ingress.2408618944.ipv6_cidr_blocks.#": "0",
                            "ingress.2408618944.prefix_list_ids.#": "0",
                            "ingress.2408618944.protocol": "tcp",
                            "ingress.2408618944.security_groups.#": "1",
                            "ingress.2408618944.security_groups.74341569": "sg-0f77bf4e910f66389",
                            "ingress.2408618944.self": "false",
                            "ingress.2408618944.to_port": "65535",
                            "name": "terraform-eks-demo-node",
                            "owner_id": "845151661675",
                            "revoke_rules_on_delete": "false",
                            "tags.%": "2",
                            "tags.Name": "terraform-eks-demo-node",
                            "tags.kubernetes.io/cluster/terraform-eks-demo": "owned",
                            "vpc_id": "vpc-0d867f49ec58a442c"
                        },
                        "meta": {
                            "e2bfb730-ecaa-11e6-8f88-34363bc7c4c0": {
                                "create": 600000000000,
                                "delete": 600000000000
                            },
                            "schema_version": "1"
                        },
                        "tainted": false
                    },
                    "deposed": [],
                    "provider": "provider.aws"
                },
                "aws_security_group_rule.demo-cluster-ingress-node-https": {
                    "type": "aws_security_group_rule",
                    "depends_on": [
                        "aws_security_group.demo-cluster",
                        "aws_security_group.demo-node"
                    ],
                    "primary": {
                        "id": "sgrule-3426594103",
                        "attributes": {
                            "cidr_blocks.#": "0",
                            "description": "Allow pods to communicate with the cluster API Server",
                            "from_port": "443",
                            "id": "sgrule-3426594103",
                            "ipv6_cidr_blocks.#": "0",
                            "prefix_list_ids.#": "0",
                            "protocol": "tcp",
                            "security_group_id": "sg-0f77bf4e910f66389",
                            "self": "false",
                            "source_security_group_id": "sg-0ef291bcd65a250fe",
                            "to_port": "443",
                            "type": "ingress"
                        },
                        "meta": {
                            "schema_version": "2"
                        },
                        "tainted": false
                    },
                    "deposed": [],
                    "provider": "provider.aws"
                },
                "aws_security_group_rule.demo-cluster-ingress-workstation-https": {
                    "type": "aws_security_group_rule",
                    "depends_on": [
                        "aws_security_group.demo-cluster",
                        "local.workstation-external-cidr"
                    ],
                    "primary": {
                        "id": "sgrule-797945224",
                        "attributes": {
                            "cidr_blocks.#": "1",
                            "cidr_blocks.0": "80.31.197.244/32",
                            "description": "Allow workstation to communicate with the cluster API Server",
                            "from_port": "443",
                            "id": "sgrule-797945224",
                            "ipv6_cidr_blocks.#": "0",
                            "prefix_list_ids.#": "0",
                            "protocol": "tcp",
                            "security_group_id": "sg-0f77bf4e910f66389",
                            "self": "false",
                            "to_port": "443",
                            "type": "ingress"
                        },
                        "meta": {
                            "schema_version": "2"
                        },
                        "tainted": false
                    },
                    "deposed": [],
                    "provider": "provider.aws"
                },
                "aws_security_group_rule.demo-node-ingress-cluster": {
                    "type": "aws_security_group_rule",
                    "depends_on": [
                        "aws_security_group.demo-cluster",
                        "aws_security_group.demo-node"
                    ],
                    "primary": {
                        "id": "sgrule-4127224206",
                        "attributes": {
                            "cidr_blocks.#": "0",
                            "description": "Allow worker Kubelets and pods to receive communication from the cluster control plane",
                            "from_port": "1025",
                            "id": "sgrule-4127224206",
                            "ipv6_cidr_blocks.#": "0",
                            "prefix_list_ids.#": "0",
                            "protocol": "tcp",
                            "security_group_id": "sg-0ef291bcd65a250fe",
                            "self": "false",
                            "source_security_group_id": "sg-0f77bf4e910f66389",
                            "to_port": "65535",
                            "type": "ingress"
                        },
                        "meta": {
                            "schema_version": "2"
                        },
                        "tainted": false
                    },
                    "deposed": [],
                    "provider": "provider.aws"
                },
                "aws_security_group_rule.demo-node-ingress-self": {
                    "type": "aws_security_group_rule",
                    "depends_on": [
                        "aws_security_group.demo-node"
                    ],
                    "primary": {
                        "id": "sgrule-2519206085",
                        "attributes": {
                            "cidr_blocks.#": "0",
                            "description": "Allow node to communicate with each other",
                            "from_port": "0",
                            "id": "sgrule-2519206085",
                            "ipv6_cidr_blocks.#": "0",
                            "prefix_list_ids.#": "0",
                            "protocol": "-1",
                            "security_group_id": "sg-0ef291bcd65a250fe",
                            "self": "false",
                            "source_security_group_id": "sg-0ef291bcd65a250fe",
                            "to_port": "65535",
                            "type": "ingress"
                        },
                        "meta": {
                            "schema_version": "2"
                        },
                        "tainted": false
                    },
                    "deposed": [],
                    "provider": "provider.aws"
                },
                "aws_sns_topic.falco_alerts": {
                    "type": "aws_sns_topic",
                    "depends_on": [],
                    "primary": {
                        "id": "arn:aws:sns:eu-west-1:845151661675:falco-alerts",
                        "attributes": {
                            "application_failure_feedback_role_arn": "",
                            "application_success_feedback_role_arn": "",
                            "application_success_feedback_sample_rate": "0",
                            "arn": "arn:aws:sns:eu-west-1:845151661675:falco-alerts",
                            "delivery_policy": "",
                            "display_name": "",
                            "http_failure_feedback_role_arn": "",
                            "http_success_feedback_role_arn": "",
                            "http_success_feedback_sample_rate": "0",
                            "id": "arn:aws:sns:eu-west-1:845151661675:falco-alerts",
                            "lambda_failure_feedback_role_arn": "",
                            "lambda_success_feedback_role_arn": "",
                            "lambda_success_feedback_sample_rate": "0",
                            "name": "falco-alerts",
                            "policy": "{\"Version\":\"2008-10-17\",\"Id\":\"__default_policy_ID\",\"Statement\":[{\"Sid\":\"__default_statement_ID\",\"Effect\":\"Allow\",\"Principal\":{\"AWS\":\"*\"},\"Action\":[\"SNS:GetTopicAttributes\",\"SNS:SetTopicAttributes\",\"SNS:AddPermission\",\"SNS:RemovePermission\",\"SNS:DeleteTopic\",\"SNS:Subscribe\",\"SNS:ListSubscriptionsByTopic\",\"SNS:Publish\",\"SNS:Receive\"],\"Resource\":\"arn:aws:sns:eu-west-1:845151661675:falco-alerts\",\"Condition\":{\"StringEquals\":{\"AWS:SourceOwner\":\"845151661675\"}}}]}",
                            "sqs_failure_feedback_role_arn": "",
                            "sqs_success_feedback_role_arn": "",
                            "sqs_success_feedback_sample_rate": "0"
                        },
                        "meta": {},
                        "tainted": false
                    },
                    "deposed": [],
                    "provider": "provider.aws"
                },
                "aws_subnet.demo.0": {
                    "type": "aws_subnet",
                    "depends_on": [
                        "aws_vpc.demo",
                        "data.aws_availability_zones.available"
                    ],
                    "primary": {
                        "id": "subnet-0335c8f193f8117eb",
                        "attributes": {
                            "arn": "arn:aws:ec2:eu-west-1:845151661675:subnet/subnet-0335c8f193f8117eb",
                            "assign_ipv6_address_on_creation": "false",
                            "availability_zone": "eu-west-1a",
                            "cidr_block": "10.0.0.0/24",
                            "id": "subnet-0335c8f193f8117eb",
                            "map_public_ip_on_launch": "false",
                            "tags.%": "2",
                            "tags.Name": "terraform-eks-demo-node",
                            "tags.kubernetes.io/cluster/terraform-eks-demo": "shared",
                            "vpc_id": "vpc-0d867f49ec58a442c"
                        },
                        "meta": {
                            "schema_version": "1"
                        },
                        "tainted": false
                    },
                    "deposed": [],
                    "provider": "provider.aws"
                },
                "aws_subnet.demo.1": {
                    "type": "aws_subnet",
                    "depends_on": [
                        "aws_vpc.demo",
                        "data.aws_availability_zones.available"
                    ],
                    "primary": {
                        "id": "subnet-006e8415d28c6b4ce",
                        "attributes": {
                            "arn": "arn:aws:ec2:eu-west-1:845151661675:subnet/subnet-006e8415d28c6b4ce",
                            "assign_ipv6_address_on_creation": "false",
                            "availability_zone": "eu-west-1b",
                            "cidr_block": "10.0.1.0/24",
                            "id": "subnet-006e8415d28c6b4ce",
                            "map_public_ip_on_launch": "false",
                            "tags.%": "2",
                            "tags.Name": "terraform-eks-demo-node",
                            "tags.kubernetes.io/cluster/terraform-eks-demo": "shared",
                            "vpc_id": "vpc-0d867f49ec58a442c"
                        },
                        "meta": {
                            "schema_version": "1"
                        },
                        "tainted": false
                    },
                    "deposed": [],
                    "provider": "provider.aws"
                },
                "aws_vpc.demo": {
                    "type": "aws_vpc",
                    "depends_on": [],
                    "primary": {
                        "id": "vpc-0d867f49ec58a442c",
                        "attributes": {
                            "arn": "arn:aws:ec2:eu-west-1:845151661675:vpc/vpc-0d867f49ec58a442c",
                            "assign_generated_ipv6_cidr_block": "false",
                            "cidr_block": "10.0.0.0/16",
                            "default_network_acl_id": "acl-0db306b3e394e99b6",
                            "default_route_table_id": "rtb-061688da872dc957b",
                            "default_security_group_id": "sg-01e8c0dc239da5e3b",
                            "dhcp_options_id": "dopt-10ef0f75",
                            "enable_classiclink": "false",
                            "enable_classiclink_dns_support": "false",
                            "enable_dns_hostnames": "false",
                            "enable_dns_support": "true",
                            "id": "vpc-0d867f49ec58a442c",
                            "instance_tenancy": "default",
                            "main_route_table_id": "rtb-061688da872dc957b",
                            "tags.%": "2",
                            "tags.Name": "terraform-eks-demo-node",
                            "tags.kubernetes.io/cluster/terraform-eks-demo": "shared"
                        },
                        "meta": {
                            "schema_version": "1"
                        },
                        "tainted": false
                    },
                    "deposed": [],
                    "provider": "provider.aws"
                },
                "data.aws_ami.eks-worker": {
                    "type": "aws_ami",
                    "depends_on": [],
                    "primary": {
                        "id": "ami-0c7a4976cb6fafd3a",
                        "attributes": {
                            "architecture": "x86_64",
                            "block_device_mappings.#": "1",
                            "block_device_mappings.3798922657.device_name": "/dev/xvda",
                            "block_device_mappings.3798922657.ebs.%": "6",
                            "block_device_mappings.3798922657.ebs.delete_on_termination": "true",
                            "block_device_mappings.3798922657.ebs.encrypted": "false",
                            "block_device_mappings.3798922657.ebs.iops": "0",
                            "block_device_mappings.3798922657.ebs.snapshot_id": "snap-0d0948b9cc10ef893",
                            "block_device_mappings.3798922657.ebs.volume_size": "20",
                            "block_device_mappings.3798922657.ebs.volume_type": "gp2",
                            "block_device_mappings.3798922657.no_device": "",
                            "block_device_mappings.3798922657.virtual_name": "",
                            "creation_date": "2018-09-12T22:26:25.000Z",
                            "description": "EKS Kubernetes Worker AMI with AmazonLinux2 image",
                            "filter.#": "1",
                            "filter.249857641.name": "name",
                            "filter.249857641.values.#": "1",
                            "filter.249857641.values.0": "amazon-eks-node-v*",
                            "hypervisor": "xen",
                            "id": "ami-0c7a4976cb6fafd3a",
                            "image_id": "ami-0c7a4976cb6fafd3a",
                            "image_location": "602401143452/amazon-eks-node-v24",
                            "image_type": "machine",
                            "most_recent": "true",
                            "name": "amazon-eks-node-v24",
                            "owner_id": "602401143452",
                            "owners.#": "1",
                            "owners.0": "602401143452",
                            "product_codes.#": "0",
                            "public": "true",
                            "root_device_name": "/dev/xvda",
                            "root_device_type": "ebs",
                            "root_snapshot_id": "snap-0d0948b9cc10ef893",
                            "sriov_net_support": "simple",
                            "state": "available",
                            "state_reason.%": "2",
                            "state_reason.code": "UNSET",
                            "state_reason.message": "UNSET",
                            "tags.%": "0",
                            "virtualization_type": "hvm"
                        },
                        "meta": {},
                        "tainted": false
                    },
                    "deposed": [],
                    "provider": "provider.aws"
                },
                "data.aws_availability_zones.available": {
                    "type": "aws_availability_zones",
                    "depends_on": [],
                    "primary": {
                        "id": "2018-09-25 22:21:28.739903779 +0000 UTC",
                        "attributes": {
                            "id": "2018-09-25 22:21:28.739903779 +0000 UTC",
                            "names.#": "3",
                            "names.0": "eu-west-1a",
                            "names.1": "eu-west-1b",
                            "names.2": "eu-west-1c"
                        },
                        "meta": {},
                        "tainted": false
                    },
                    "deposed": [],
                    "provider": "provider.aws"
                },
                "data.aws_region.current": {
                    "type": "aws_region",
                    "depends_on": [],
                    "primary": {
                        "id": "eu-west-1",
                        "attributes": {
                            "current": "true",
                            "description": "EU (Ireland)",
                            "endpoint": "ec2.eu-west-1.amazonaws.com",
                            "id": "eu-west-1",
                            "name": "eu-west-1"
                        },
                        "meta": {},
                        "tainted": false
                    },
                    "deposed": [],
                    "provider": "provider.aws"
                },
                "data.http.workstation-external-ip": {
                    "type": "http",
                    "depends_on": [],
                    "primary": {
                        "id": "2018-09-25 22:21:27.267291548 +0000 UTC",
                        "attributes": {
                            "body": "80.31.197.244\n",
                            "id": "2018-09-25 22:21:27.267291548 +0000 UTC",
                            "url": "http://ipv4.icanhazip.com"
                        },
                        "meta": {},
                        "tainted": false
                    },
                    "deposed": [],
                    "provider": "provider.http"
                }
            },
            "depends_on": []
        }
    ]
}
